// !$*UTF8*$!
{
	archiveVersion = 1;
	classes = {
	};
	objectVersion = 46;
	objects = {

/* Begin PBXBuildFile section */
		1957B69E1FBC7CED004FAA90 /* AppDelegate.swift in Sources */ = {isa = PBXBuildFile; fileRef = 1957B69D1FBC7CED004FAA90 /* AppDelegate.swift */; };
		1957B6A01FBC7CED004FAA90 /* ViewController.swift in Sources */ = {isa = PBXBuildFile; fileRef = 1957B69F1FBC7CED004FAA90 /* ViewController.swift */; };
		1957B6A31FBC7CED004FAA90 /* Main.storyboard in Resources */ = {isa = PBXBuildFile; fileRef = 1957B6A11FBC7CED004FAA90 /* Main.storyboard */; };
		1957B6A51FBC7CED004FAA90 /* Assets.xcassets in Resources */ = {isa = PBXBuildFile; fileRef = 1957B6A41FBC7CED004FAA90 /* Assets.xcassets */; };
		1957B6A81FBC7CED004FAA90 /* LaunchScreen.storyboard in Resources */ = {isa = PBXBuildFile; fileRef = 1957B6A61FBC7CED004FAA90 /* LaunchScreen.storyboard */; };
		1957B6B11FBC81AD004FAA90 /* SwiftExampleCellTableViewCell.swift in Sources */ = {isa = PBXBuildFile; fileRef = 1957B6B01FBC81AD004FAA90 /* SwiftExampleCellTableViewCell.swift */; };
		1957B6B31FBC85C4004FAA90 /* ArrayExampleViewController.swift in Sources */ = {isa = PBXBuildFile; fileRef = 1957B6B21FBC85C4004FAA90 /* ArrayExampleViewController.swift */; };
/* End PBXBuildFile section */

/* Begin PBXFileReference section */
		1957B69A1FBC7CED004FAA90 /* DemoProjectSwift.app */ = {isa = PBXFileReference; explicitFileType = wrapper.application; includeInIndex = 0; path = DemoProjectSwift.app; sourceTree = BUILT_PRODUCTS_DIR; };
		1957B69D1FBC7CED004FAA90 /* AppDelegate.swift */ = {isa = PBXFileReference; lastKnownFileType = sourcecode.swift; path = AppDelegate.swift; sourceTree = "<group>"; };
		1957B69F1FBC7CED004FAA90 /* ViewController.swift */ = {isa = PBXFileReference; lastKnownFileType = sourcecode.swift; path = ViewController.swift; sourceTree = "<group>"; };
		1957B6A21FBC7CED004FAA90 /* Base */ = {isa = PBXFileReference; lastKnownFileType = file.storyboard; name = Base; path = Base.lproj/Main.storyboard; sourceTree = "<group>"; };
		1957B6A41FBC7CED004FAA90 /* Assets.xcassets */ = {isa = PBXFileReference; lastKnownFileType = folder.assetcatalog; path = Assets.xcassets; sourceTree = "<group>"; };
		1957B6A71FBC7CED004FAA90 /* Base */ = {isa = PBXFileReference; lastKnownFileType = file.storyboard; name = Base; path = Base.lproj/LaunchScreen.storyboard; sourceTree = "<group>"; };
		1957B6A91FBC7CED004FAA90 /* Info.plist */ = {isa = PBXFileReference; lastKnownFileType = text.plist.xml; path = Info.plist; sourceTree = "<group>"; };
		1957B6B01FBC81AD004FAA90 /* SwiftExampleCellTableViewCell.swift */ = {isa = PBXFileReference; fileEncoding = 4; lastKnownFileType = sourcecode.swift; path = SwiftExampleCellTableViewCell.swift; sourceTree = "<group>"; };
		1957B6B21FBC85C4004FAA90 /* ArrayExampleViewController.swift */ = {isa = PBXFileReference; fileEncoding = 4; lastKnownFileType = sourcecode.swift; path = ArrayExampleViewController.swift; sourceTree = "<group>"; };
/* End PBXFileReference section */

/* Begin PBXFrameworksBuildPhase section */
		1957B6971FBC7CED004FAA90 /* Frameworks */ = {
			isa = PBXFrameworksBuildPhase;
			buildActionMask = 2147483647;
			files = (
			);
			runOnlyForDeploymentPostprocessing = 0;
		};
/* End PBXFrameworksBuildPhase section */

/* Begin PBXGroup section */
		1957B6911FBC7CED004FAA90 = {
			isa = PBXGroup;
			children = (
				1957B69C1FBC7CED004FAA90 /* DemoProjectSwift */,
				1957B69B1FBC7CED004FAA90 /* Products */,
			);
			sourceTree = "<group>";
		};
		1957B69B1FBC7CED004FAA90 /* Products */ = {
			isa = PBXGroup;
			children = (
				1957B69A1FBC7CED004FAA90 /* DemoProjectSwift.app */,
			);
			name = Products;
			sourceTree = "<group>";
		};
		1957B69C1FBC7CED004FAA90 /* DemoProjectSwift */ = {
			isa = PBXGroup;
			children = (
				1957B6AF1FBC818B004FAA90 /* CustomCell */,
				1957B69D1FBC7CED004FAA90 /* AppDelegate.swift */,
				1957B69F1FBC7CED004FAA90 /* ViewController.swift */,
				1957B6B21FBC85C4004FAA90 /* ArrayExampleViewController.swift */,
				1957B6A11FBC7CED004FAA90 /* Main.storyboard */,
				1957B6A41FBC7CED004FAA90 /* Assets.xcassets */,
				1957B6A61FBC7CED004FAA90 /* LaunchScreen.storyboard */,
				1957B6A91FBC7CED004FAA90 /* Info.plist */,
			);
			path = DemoProjectSwift;
			sourceTree = "<group>";
		};
		1957B6AF1FBC818B004FAA90 /* CustomCell */ = {
			isa = PBXGroup;
			children = (
				1957B6B01FBC81AD004FAA90 /* SwiftExampleCellTableViewCell.swift */,
			);
			path = CustomCell;
			sourceTree = "<group>";
		};
/* End PBXGroup section */

/* Begin PBXNativeTarget section */
		1957B6991FBC7CED004FAA90 /* DemoProjectSwift */ = {
			isa = PBXNativeTarget;
			buildConfigurationList = 1957B6AC1FBC7CED004FAA90 /* Build configuration list for PBXNativeTarget "DemoProjectSwift" */;
			buildPhases = (
				1957B6961FBC7CED004FAA90 /* Sources */,
				1957B6971FBC7CED004FAA90 /* Frameworks */,
				1957B6981FBC7CED004FAA90 /* Resources */,
			);
			buildRules = (
			);
			dependencies = (
			);
			name = DemoProjectSwift;
			productName = DemoProjectSwift;
			productReference = 1957B69A1FBC7CED004FAA90 /* DemoProjectSwift.app */;
			productType = "com.apple.product-type.application";
		};
/* End PBXNativeTarget section */

/* Begin PBXProject section */
		1957B6921FBC7CED004FAA90 /* Project object */ = {
			isa = PBXProject;
			attributes = {
				LastSwiftUpdateCheck = 0830;
				LastUpgradeCheck = 0830;
				ORGANIZATIONNAME = "Ujjwal Singh";
				TargetAttributes = {
					1957B6991FBC7CED004FAA90 = {
						CreatedOnToolsVersion = 8.3.2;
						DevelopmentTeam = 5D85VBKLBF;
						ProvisioningStyle = Automatic;
					};
				};
			};
			buildConfigurationList = 1957B6951FBC7CED004FAA90 /* Build configuration list for PBXProject "DemoProjectSwift" */;
			compatibilityVersion = "Xcode 3.2";
			developmentRegion = English;
			hasScannedForEncodings = 0;
			knownRegions = (
				en,
				Base,
			);
			mainGroup = 1957B6911FBC7CED004FAA90;
			productRefGroup = 1957B69B1FBC7CED004FAA90 /* Products */;
			projectDirPath = "";
			projectRoot = "";
			targets = (
				1957B6991FBC7CED004FAA90 /* DemoProjectSwift */,
			);
		};
/* End PBXProject section */

/* Begin PBXResourcesBuildPhase section */
		1957B6981FBC7CED004FAA90 /* Resources */ = {
			isa = PBXResourcesBuildPhase;
			buildActionMask = 2147483647;
			files = (
				1957B6A81FBC7CED004FAA90 /* LaunchScreen.storyboard in Resources */,
				1957B6A51FBC7CED004FAA90 /* Assets.xcassets in Resources */,
				1957B6A31FBC7CED004FAA90 /* Main.storyboard in Resources */,
			);
			runOnlyForDeploymentPostprocessing = 0;
		};
/* End PBXResourcesBuildPhase section */

/* Begin PBXSourcesBuildPhase section */
		1957B6961FBC7CED004FAA90 /* Sources */ = {
			isa = PBXSourcesBuildPhase;
			buildActionMask = 2147483647;
			files = (
				1957B6A01FBC7CED004FAA90 /* ViewController.swift in Sources */,
				1957B6B11FBC81AD004FAA90 /* SwiftExampleCellTableViewCell.swift in Sources */,
				1957B6B31FBC85C4004FAA90 /* ArrayExampleViewController.swift in Sources */,
				1957B69E1FBC7CED004FAA90 /* AppDelegate.swift in Sources */,
			);
			runOnlyForDeploymentPostprocessing = 0;
		};
/* End PBXSourcesBuildPhase section */

/* Begin PBXVariantGroup section */
		1957B6A11FBC7CED004FAA90 /* Main.storyboard */ = {
			isa = PBXVariantGroup;
			children = (
				1957B6A21FBC7CED004FAA90 /* Base */,
			);
			name = Main.storyboard;
			sourceTree = "<group>";
		};
		1957B6A61FBC7CED004FAA90 /* LaunchScreen.storyboard */ = {
			isa = PBXVariantGroup;
			children = (
				1957B6A71FBC7CED004FAA90 /* Base */,
			);
			name = LaunchScreen.storyboard;
			sourceTree = "<group>";
		};
/* End PBXVariantGroup section */

/* Begin XCBuildConfiguration section */
		1957B6AA1FBC7CED004FAA90 /* Debug */ = {
			isa = XCBuildConfiguration;
			buildSettings = {
				ALWAYS_SEARCH_USER_PATHS = NO;
				CLANG_ANALYZER_NONNULL = YES;
				CLANG_ANALYZER_NUMBER_OBJECT_CONVERSION = YES_AGGRESSIVE;
				CLANG_CXX_LANGUAGE_STANDARD = "gnu++0x";
				CLANG_CXX_LIBRARY = "libc++";
				CLANG_ENABLE_MODULES = YES;
				CLANG_ENABLE_OBJC_ARC = YES;
				CLANG_WARN_BOOL_CONVERSION = YES;
				CLANG_WARN_CONSTANT_CONVERSION = YES;
				CLANG_WARN_DIRECT_OBJC_ISA_USAGE = YES_ERROR;
				CLANG_WARN_DOCUMENTATION_COMMENTS = YES;
				CLANG_WARN_EMPTY_BODY = YES;
				CLANG_WARN_ENUM_CONVERSION = YES;
				CLANG_WARN_INFINITE_RECURSION = YES;
				CLANG_WARN_INT_CONVERSION = YES;
				CLANG_WARN_OBJC_ROOT_CLASS = YES_ERROR;
				CLANG_WARN_SUSPICIOUS_MOVE = YES;
				CLANG_WARN_UNREACHABLE_CODE = YES;
				CLANG_WARN__DUPLICATE_METHOD_MATCH = YES;
				"CODE_SIGN_IDENTITY[sdk=iphoneos*]" = "iPhone Developer";
				COPY_PHASE_STRIP = NO;
				DEBUG_INFORMATION_FORMAT = dwarf;
				ENABLE_STRICT_OBJC_MSGSEND = YES;
				ENABLE_TESTABILITY = YES;
				GCC_C_LANGUAGE_STANDARD = gnu99;
				GCC_DYNAMIC_NO_PIC = NO;
				GCC_NO_COMMON_BLOCKS = YES;
				GCC_OPTIMIZATION_LEVEL = 0;
				GCC_PREPROCESSOR_DEFINITIONS = (
					"DEBUG=1",
					"$(inherited)",
				);
				GCC_WARN_64_TO_32_BIT_CONVERSION = YES;
				GCC_WARN_ABOUT_RETURN_TYPE = YES_ERROR;
				GCC_WARN_UNDECLARED_SELECTOR = YES;
				GCC_WARN_UNINITIALIZED_AUTOS = YES_AGGRESSIVE;
				GCC_WARN_UNUSED_FUNCTION = YES;
				GCC_WARN_UNUSED_VARIABLE = YES;
				IPHONEOS_DEPLOYMENT_TARGET = 10.3;
				MTL_ENABLE_DEBUG_INFO = YES;
				ONLY_ACTIVE_ARCH = YES;
				SDKROOT = iphoneos;
				SWIFT_ACTIVE_COMPILATION_CONDITIONS = DEBUG;
				SWIFT_OPTIMIZATION_LEVEL = "-Onone";
				TARGETED_DEVICE_FAMILY = "1,2";
			};
			name = Debug;
		};
		1957B6AB1FBC7CED004FAA90 /* Release */ = {
			isa = XCBuildConfiguration;
			buildSettings = {
				ALWAYS_SEARCH_USER_PATHS = NO;
				CLANG_ANALYZER_NONNULL = YES;
				CLANG_ANALYZER_NUMBER_OBJECT_CONVERSION = YES_AGGRESSIVE;
				CLANG_CXX_LANGUAGE_STANDARD = "gnu++0x";
				CLANG_CXX_LIBRARY = "libc++";
				CLANG_ENABLE_MODULES = YES;
				CLANG_ENABLE_OBJC_ARC = YES;
				CLANG_WARN_BOOL_CONVERSION = YES;
				CLANG_WARN_CONSTANT_CONVERSION = YES;
				CLANG_WARN_DIRECT_OBJC_ISA_USAGE = YES_ERROR;
				CLANG_WARN_DOCUMENTATION_COMMENTS = YES;
				CLANG_WARN_EMPTY_BODY = YES;
				CLANG_WARN_ENUM_CONVERSION = YES;
				CLANG_WARN_INFINITE_RECURSION = YES;
				CLANG_WARN_INT_CONVERSION = YES;
				CLANG_WARN_OBJC_ROOT_CLASS = YES_ERROR;
				CLANG_WARN_SUSPICIOUS_MOVE = YES;
				CLANG_WARN_UNREACHABLE_CODE = YES;
				CLANG_WARN__DUPLICATE_METHOD_MATCH = YES;
				"CODE_SIGN_IDENTITY[sdk=iphoneos*]" = "iPhone Developer";
				COPY_PHASE_STRIP = NO;
				DEBUG_INFORMATION_FORMAT = "dwarf-with-dsym";
				ENABLE_NS_ASSERTIONS = NO;
				ENABLE_STRICT_OBJC_MSGSEND = YES;
				GCC_C_LANGUAGE_STANDARD = gnu99;
				GCC_NO_COMMON_BLOCKS = YES;
				GCC_WARN_64_TO_32_BIT_CONVERSION = YES;
				GCC_WARN_ABOUT_RETURN_TYPE = YES_ERROR;
				GCC_WARN_UNDECLARED_SELECTOR = YES;
				GCC_WARN_UNINITIALIZED_AUTOS = YES_AGGRESSIVE;
				GCC_WARN_UNUSED_FUNCTION = YES;
				GCC_WARN_UNUSED_VARIABLE = YES;
				IPHONEOS_DEPLOYMENT_TARGET = 10.3;
				MTL_ENABLE_DEBUG_INFO = NO;
				SDKROOT = iphoneos;
				SWIFT_OPTIMIZATION_LEVEL = "-Owholemodule";
				TARGETED_DEVICE_FAMILY = "1,2";
				VALIDATE_PRODUCT = YES;
			};
			name = Release;
		};
		1957B6AD1FBC7CED004FAA90 /* Debug */ = {
			isa = XCBuildConfiguration;
			buildSettings = {
				ASSETCATALOG_COMPILER_APPICON_NAME = AppIcon;
				DEVELOPMENT_TEAM = 5D85VBKLBF;
				INFOPLIST_FILE = DemoProjectSwift/Info.plist;
				LD_RUNPATH_SEARCH_PATHS = "$(inherited) @executable_path/Frameworks";
				PRODUCT_BUNDLE_IDENTIFIER = com.ujjwal.DemoProjectSwift;
				PRODUCT_NAME = "$(TARGET_NAME)";
				SWIFT_VERSION = 3.0;
			};
			name = Debug;
		};
		1957B6AE1FBC7CED004FAA90 /* Release */ = {
			isa = XCBuildConfiguration;
			buildSettings = {
				ASSETCATALOG_COMPILER_APPICON_NAME = AppIcon;
				DEVELOPMENT_TEAM = 5D85VBKLBF;
				INFOPLIST_FILE = DemoProjectSwift/Info.plist;
				LD_RUNPATH_SEARCH_PATHS = "$(inherited) @executable_path/Frameworks";
				PRODUCT_BUNDLE_IDENTIFIER = com.ujjwal.DemoProjectSwift;
				PRODUCT_NAME = "$(TARGET_NAME)";
				SWIFT_VERSION = 3.0;
			};
			name = Release;
		};
/* End XCBuildConfiguration section */

/* Begin XCConfigurationList section */
		1957B6951FBC7CED004FAA90 /* Build configuration list for PBXProject "DemoProjectSwift" */ = {
			isa = XCConfigurationList;
			buildConfigurations = (
				1957B6AA1FBC7CED004FAA90 /* Debug */,
				1957B6AB1FBC7CED004FAA90 /* Release */,
			);
			defaultConfigurationIsVisible = 0;
			defaultConfigurationName = Release;
		};
		1957B6AC1FBC7CED004FAA90 /* Build configuration list for PBXNativeTarget "DemoProjectSwift" */ = {
			isa = XCConfigurationList;
			buildConfigurations = (
				1957B6AD1FBC7CED004FAA90 /* Debug */,
				1957B6AE1FBC7CED004FAA90 /* Release */,
			);
			defaultConfigurationIsVisible = 0;
		};
/* End XCConfigurationList section */
	};
	rootObject = 1957B6921FBC7CED004FAA90 /* Project object */;
}
